
Microsoft Visual Studio Solution File, Format Version 12.00
# Visual Studio Version 17
VisualStudioVersion = 17.9.34728.123
MinimumVisualStudioVersion = 10.0.40219.1
Project("{9A19103F-16F7-4668-BE54-9A1E7A4F7556}") = "Youtube.Video.Downloader", "Youtube.Video.Downloader.csproj", "{2AF391E9-12BF-402F-BBB9-2C4D8A7DDECF}"
EndProject
Global
	GlobalSection(SolutionConfigurationPlatforms) = preSolution
		Debug|Any CPU = Debug|Any CPU
		Debug|x64 = Debug|x64
		Release|Any CPU = Release|Any CPU
		Release|x64 = Release|x64
	EndGlobalSection
	GlobalSection(ProjectConfigurationPlatforms) = postSolution
		{2AF391E9-12BF-402F-BBB9-2C4D8A7DDECF}.Debug|Any CPU.ActiveCfg = Debug|Any CPU
		{2AF391E9-12BF-402F-BBB9-2C4D8A7DDECF}.Debug|Any CPU.Build.0 = Debug|Any CPU
		{2AF391E9-12BF-402F-BBB9-2C4D8A7DDECF}.Debug|x64.ActiveCfg = Debug|x64
		{2AF391E9-12BF-402F-BBB9-2C4D8A7DDECF}.Debug|x64.Build.0 = Debug|x64
		{2AF391E9-12BF-402F-BBB9-2C4D8A7DDECF}.Release|Any CPU.ActiveCfg = Release|Any CPU
		{2AF391E9-12BF-402F-BBB9-2C4D8A7DDECF}.Release|Any CPU.Build.0 = Release|Any CPU
		{2AF391E9-12BF-402F-BBB9-2C4D8A7DDECF}.Release|x64.ActiveCfg = Release|x64
		{2AF391E9-12BF-402F-BBB9-2C4D8A7DDECF}.Release|x64.Build.0 = Release|x64
	EndGlobalSection
	GlobalSection(SolutionProperties) = preSolution
		HideSolutionNode = FALSE
	EndGlobalSection
	GlobalSection(ExtensibilityGlobals) = postSolution
		SolutionGuid = {E6648E3A-C470-4A93-9E97-0FC663233034}
	EndGlobalSection
EndGlobal
